
Microsoft Visual Studio Solution File, Format Version 12.00
# Visual Studio Version 16
VisualStudioVersion = 16.0.31019.35
MinimumVisualStudioVersion = 10.0.40219.1
Project("{9A19103F-16F7-4668-BE54-9A1E7A4F7556}") = "hw6", "hw6.csproj", "{F6E4A143-9F25-4358-AA61-B878E0E21A73}"
EndProject
Project("{FAE04EC0-301F-11D3-BF4B-00C04F79EFBC}") = "hw6Tests", "..\hw6Tests\hw6Tests.csproj", "{9D7990FC-738A-4AE5-B5D1-EBC54053BB9B}"
EndProject
Global
	GlobalSection(SolutionConfigurationPlatforms) = preSolution
		Debug|Any CPU = Debug|Any CPU
		Release|Any CPU = Release|Any CPU
	EndGlobalSection
	GlobalSection(ProjectConfigurationPlatforms) = postSolution
		{F6E4A143-9F25-4358-AA61-B878E0E21A73}.Debug|Any CPU.ActiveCfg = Debug|Any CPU
		{F6E4A143-9F25-4358-AA61-B878E0E21A73}.Debug|Any CPU.Build.0 = Debug|Any CPU
		{F6E4A143-9F25-4358-AA61-B878E0E21A73}.Release|Any CPU.ActiveCfg = Release|Any CPU
		{F6E4A143-9F25-4358-AA61-B878E0E21A73}.Release|Any CPU.Build.0 = Release|Any CPU
		{9D7990FC-738A-4AE5-B5D1-EBC54053BB9B}.Debug|Any CPU.ActiveCfg = Debug|Any CPU
		{9D7990FC-738A-4AE5-B5D1-EBC54053BB9B}.Debug|Any CPU.Build.0 = Debug|Any CPU
		{9D7990FC-738A-4AE5-B5D1-EBC54053BB9B}.Release|Any CPU.ActiveCfg = Release|Any CPU
		{9D7990FC-738A-4AE5-B5D1-EBC54053BB9B}.Release|Any CPU.Build.0 = Release|Any CPU
	EndGlobalSection
	GlobalSection(SolutionProperties) = preSolution
		HideSolutionNode = FALSE
	EndGlobalSection
	GlobalSection(ExtensibilityGlobals) = postSolution
		SolutionGuid = {7DA11451-9FEF-4F87-AF0B-B086406C7E8D}
	EndGlobalSection
EndGlobal
