
Microsoft Visual Studio Solution File, Format Version 12.00
# Visual Studio Version 16
VisualStudioVersion = 16.0.31019.35
MinimumVisualStudioVersion = 10.0.40219.1
Project("{FAE04EC0-301F-11D3-BF4B-00C04F79EFBC}") = "hw9", "hw9.csproj", "{D6747077-7F51-486F-B3F8-B9E988AE160F}"
EndProject
Global
	GlobalSection(SolutionConfigurationPlatforms) = preSolution
		Debug|Any CPU = Debug|Any CPU
		Release|Any CPU = Release|Any CPU
	EndGlobalSection
	GlobalSection(ProjectConfigurationPlatforms) = postSolution
		{D6747077-7F51-486F-B3F8-B9E988AE160F}.Debug|Any CPU.ActiveCfg = Debug|Any CPU
		{D6747077-7F51-486F-B3F8-B9E988AE160F}.Debug|Any CPU.Build.0 = Debug|Any CPU
		{D6747077-7F51-486F-B3F8-B9E988AE160F}.Release|Any CPU.ActiveCfg = Release|Any CPU
		{D6747077-7F51-486F-B3F8-B9E988AE160F}.Release|Any CPU.Build.0 = Release|Any CPU
	EndGlobalSection
	GlobalSection(SolutionProperties) = preSolution
		HideSolutionNode = FALSE
	EndGlobalSection
	GlobalSection(ExtensibilityGlobals) = postSolution
		SolutionGuid = {6D4718EA-C1E8-4805-84A8-2B5401A52189}
	EndGlobalSection
EndGlobal
