
Microsoft Visual Studio Solution File, Format Version 12.00
# Visual Studio Version 16
VisualStudioVersion = 16.0.31019.35
MinimumVisualStudioVersion = 10.0.40219.1
Project("{FAE04EC0-301F-11D3-BF4B-00C04F79EFBC}") = "hw-5", "hw-5.csproj", "{AA3A9A67-C089-46EA-BD54-0AF134418F71}"
EndProject
Global
	GlobalSection(SolutionConfigurationPlatforms) = preSolution
		Debug|Any CPU = Debug|Any CPU
		Release|Any CPU = Release|Any CPU
	EndGlobalSection
	GlobalSection(ProjectConfigurationPlatforms) = postSolution
		{AA3A9A67-C089-46EA-BD54-0AF134418F71}.Debug|Any CPU.ActiveCfg = Debug|Any CPU
		{AA3A9A67-C089-46EA-BD54-0AF134418F71}.Debug|Any CPU.Build.0 = Debug|Any CPU
		{AA3A9A67-C089-46EA-BD54-0AF134418F71}.Release|Any CPU.ActiveCfg = Release|Any CPU
		{AA3A9A67-C089-46EA-BD54-0AF134418F71}.Release|Any CPU.Build.0 = Release|Any CPU
	EndGlobalSection
	GlobalSection(SolutionProperties) = preSolution
		HideSolutionNode = FALSE
	EndGlobalSection
	GlobalSection(ExtensibilityGlobals) = postSolution
		SolutionGuid = {F6B7CB81-2B3E-4AC2-9449-CB0F7978861F}
	EndGlobalSection
EndGlobal
